
Microsoft Visual Studio Solution File, Format Version 12.00
# Visual Studio Version 16
VisualStudioVersion = 16.0.31911.196
MinimumVisualStudioVersion = 10.0.40219.1
Project("{9A19103F-16F7-4668-BE54-9A1E7A4F7556}") = "RenewalTransFiles", "RenewalTransFiles\RenewalTransFiles.csproj", "{D3ADA96E-0AEE-446D-9F83-807D1FA8E1CF}"
EndProject
Global
	GlobalSection(SolutionConfigurationPlatforms) = preSolution
		Debug|Any CPU = Debug|Any CPU
		Release|Any CPU = Release|Any CPU
	EndGlobalSection
	GlobalSection(ProjectConfigurationPlatforms) = postSolution
		{D3ADA96E-0AEE-446D-9F83-807D1FA8E1CF}.Debug|Any CPU.ActiveCfg = Debug|Any CPU
		{D3ADA96E-0AEE-446D-9F83-807D1FA8E1CF}.Debug|Any CPU.Build.0 = Debug|Any CPU
		{D3ADA96E-0AEE-446D-9F83-807D1FA8E1CF}.Release|Any CPU.ActiveCfg = Release|Any CPU
		{D3ADA96E-0AEE-446D-9F83-807D1FA8E1CF}.Release|Any CPU.Build.0 = Release|Any CPU
	EndGlobalSection
	GlobalSection(SolutionProperties) = preSolution
		HideSolutionNode = FALSE
	EndGlobalSection
	GlobalSection(ExtensibilityGlobals) = postSolution
		SolutionGuid = {B93814F5-5B62-4388-81B4-46879581FE39}
	EndGlobalSection
EndGlobal
